
Microsoft Visual Studio Solution File, Format Version 12.00
# Visual Studio 15
VisualStudioVersion = 15.0.27428.2043
MinimumVisualStudioVersion = 10.0.40219.1
Project("{FAE04EC0-301F-11D3-BF4B-00C04F79EFBC}") = "TextSpeechApp", "TextSpeechApp\TextSpeechApp.csproj", "{9F1769F9-908E-4E4E-8711-6F61CA46F327}"
EndProject
Global
	GlobalSection(SolutionConfigurationPlatforms) = preSolution
		Debug|Any CPU = Debug|Any CPU
		Release|Any CPU = Release|Any CPU
	EndGlobalSection
	GlobalSection(ProjectConfigurationPlatforms) = postSolution
		{9F1769F9-908E-4E4E-8711-6F61CA46F327}.Debug|Any CPU.ActiveCfg = Debug|Any CPU
		{9F1769F9-908E-4E4E-8711-6F61CA46F327}.Debug|Any CPU.Build.0 = Debug|Any CPU
		{9F1769F9-908E-4E4E-8711-6F61CA46F327}.Release|Any CPU.ActiveCfg = Release|Any CPU
		{9F1769F9-908E-4E4E-8711-6F61CA46F327}.Release|Any CPU.Build.0 = Release|Any CPU
	EndGlobalSection
	GlobalSection(SolutionProperties) = preSolution
		HideSolutionNode = FALSE
	EndGlobalSection
	GlobalSection(ExtensibilityGlobals) = postSolution
		SolutionGuid = {002F920A-20F3-4164-A3FE-F3A0F1657E4D}
	EndGlobalSection
EndGlobal
